
Microsoft Visual Studio Solution File, Format Version 11.00
# Visual Studio 2010
Project("{FAE04EC0-301F-11D3-BF4B-00C04F79EFBC}") = "CKEditor.NET", "CKEditor.NET\CKEditor.NET.csproj", "{FC4500A9-8E83-46B0-87FA-86D44AB79AA7}"
EndProject
Project("{E24C65DC-7377-472B-9ABA-BC803B73C61A}") = "WebSite", "WebSite\", "{5A24815D-4A84-4CFA-B6FD-7F8C783DAC05}"
	ProjectSection(WebsiteProperties) = preProject
		TargetFrameworkMoniker = ".NETFramework,Version%3Dv4.0"
		Debug.AspNetCompiler.VirtualPath = "/WebSite"
		Debug.AspNetCompiler.PhysicalPath = "WebSite\"
		Debug.AspNetCompiler.TargetPath = "PrecompiledWeb\WebSite\"
		Debug.AspNetCompiler.Updateable = "true"
		Debug.AspNetCompiler.ForceOverwrite = "true"
		Debug.AspNetCompiler.FixedNames = "false"
		Debug.AspNetCompiler.Debug = "True"
		Release.AspNetCompiler.VirtualPath = "/WebSite"
		Release.AspNetCompiler.PhysicalPath = "WebSite\"
		Release.AspNetCompiler.TargetPath = "PrecompiledWeb\WebSite\"
		Release.AspNetCompiler.Updateable = "true"
		Release.AspNetCompiler.ForceOverwrite = "true"
		Release.AspNetCompiler.FixedNames = "false"
		Release.AspNetCompiler.Debug = "False"
		VWDPort = "4878"
	EndProjectSection
EndProject
Global
	GlobalSection(SolutionConfigurationPlatforms) = preSolution
		Debug|Any CPU = Debug|Any CPU
		Release|Any CPU = Release|Any CPU
	EndGlobalSection
	GlobalSection(ProjectConfigurationPlatforms) = postSolution
		{FC4500A9-8E83-46B0-87FA-86D44AB79AA7}.Debug|Any CPU.ActiveCfg = Debug|Any CPU
		{FC4500A9-8E83-46B0-87FA-86D44AB79AA7}.Debug|Any CPU.Build.0 = Debug|Any CPU
		{FC4500A9-8E83-46B0-87FA-86D44AB79AA7}.Release|Any CPU.ActiveCfg = Release|Any CPU
		{FC4500A9-8E83-46B0-87FA-86D44AB79AA7}.Release|Any CPU.Build.0 = Release|Any CPU
		{5A24815D-4A84-4CFA-B6FD-7F8C783DAC05}.Debug|Any CPU.ActiveCfg = Debug|Any CPU
		{5A24815D-4A84-4CFA-B6FD-7F8C783DAC05}.Debug|Any CPU.Build.0 = Debug|Any CPU
		{5A24815D-4A84-4CFA-B6FD-7F8C783DAC05}.Release|Any CPU.ActiveCfg = Debug|Any CPU
		{5A24815D-4A84-4CFA-B6FD-7F8C783DAC05}.Release|Any CPU.Build.0 = Debug|Any CPU
	EndGlobalSection
	GlobalSection(SolutionProperties) = preSolution
		HideSolutionNode = FALSE
	EndGlobalSection
EndGlobal
